github.com/klauspost/cpuid/v2 v2.0.12 h1:p9dKCg8i4gmOxtv35DvrYoWqYzQrvEVdjQ762Y0OqZE=
github.com/klauspost/cpuid/v2 v2.0.12/go.mod h1:g2LTdtYhdyuGPqyWyv7qRAmj1WBqxuObKfj5c0PQa7c=
<<<<<<< Updated upstream
github.com/opencoff/go-fio v0.5.14 h1:PGi4XLLO4RSuc3m5exY0G2vweov6w3UThhScehBfM8c=
github.com/opencoff/go-fio v0.5.14/go.mod h1:hoSySYpavRnfQUsxzUgadk31kYiNQhMDvA2MObsXKf8=
github.com/opencoff/go-mmap v0.1.5 h1:RKPtevC4mOW5bi9skBPPo4nFTIH4lVWAL20Tff+FjLg=
github.com/opencoff/go-mmap v0.1.5/go.mod h1:y/6Jk/tDUc00k3oSQpiJX++20Nw7xFSlc5kLkhGnRXw=
||||||| Stash base
github.com/opencoff/go-fio v0.5.13 h1:j0vcntRgk475Lw27FOZ35Vw0U7zEY6UFCDfXKynXisY=
github.com/opencoff/go-fio v0.5.13/go.mod h1:mehrXmBVDrLdmPrzeuihR1Fv9SnAo+P+riSQybhOg3k=
github.com/opencoff/go-mmap v0.1.5 h1:RKPtevC4mOW5bi9skBPPo4nFTIH4lVWAL20Tff+FjLg=
github.com/opencoff/go-mmap v0.1.5/go.mod h1:y/6Jk/tDUc00k3oSQpiJX++20Nw7xFSlc5kLkhGnRXw=
=======
github.com/opencoff/go-fio v0.5.15 h1:0VstNPjpakxwueRg9UcengzZPZY+eiaTFnsrLs6EItA=
github.com/opencoff/go-fio v0.5.15/go.mod h1:5azjLAxzoEDPDIBfvTNfKEYwbF5dBOUdVwy2pVCiDW8=
github.com/opencoff/go-mmap v0.1.6 h1:qBmmiB+7nKym6iK461QJbwgS0RluR0l7CxUN2AVAFdU=
github.com/opencoff/go-mmap v0.1.6/go.mod h1:dI9V9pbsY3qYL6dM3M7yvW9xW9cgSPjnd+cH4T7XsXE=
>>>>>>> Stashed changes
github.com/opencoff/go-utils v1.0.2 h1:BANRL8ZxgHpuo8gQBAzT3M9Im3aNFhaWW28jhc86LNs=
github.com/opencoff/go-utils v1.0.2/go.mod h1:eZkEVQVzNfuE8uGepyhscMsqcXq7liGbBHYYwgYaoy8=
github.com/opencoff/pflag v1.0.7 h1:o5cQIuX75bDcdJ6AXl68gzpA72a3CJ2MPStaMnEuwi4=
github.com/opencoff/pflag v1.0.7/go.mod h1:2bXtpAD/5h/2LarkbsRwiUxqnvB1nZBzn9Xjad1P41A=
github.com/pkg/xattr v0.4.10 h1:Qe0mtiNFHQZ296vRgUjRCoPHPqH7VdTOrZx3g0T+pGA=
github.com/pkg/xattr v0.4.10/go.mod h1:di8WF84zAKk8jzR1UBTEWh9AUlIZZ7M/JNt8e9B6ktU=
github.com/puzpuzpuz/xsync/v3 v3.5.1 h1:GJYJZwO6IdxN/IKbneznS6yPkVC+c3zyY/j19c++5Fg=
github.com/puzpuzpuz/xsync/v3 v3.5.1/go.mod h1:VjzYrABPabuM4KyBh1Ftq6u8nhwY5tBPKP9jpmh0nnA=
github.com/zeebo/assert v1.1.0 h1:hU1L1vLTHsnO8x8c9KAR5GmM5QscxHg5RNU5z5qbUWY=
github.com/zeebo/assert v1.1.0/go.mod h1:Pq9JiuJQpG8JLJdtkwrJESF0Foym2/D9XMU5ciN/wJ0=
github.com/zeebo/blake3 v0.2.4 h1:KYQPkhpRtcqh0ssGYcKLG1JYvddkEA8QwCM/yBqhaZI=
github.com/zeebo/blake3 v0.2.4/go.mod h1:7eeQ6d2iXWRGF6npfaxl2CU+xy2Fjo2gxeyZGCRUjcE=
github.com/zeebo/pcg v1.0.1 h1:lyqfGeWiv4ahac6ttHs+I5hwtH/+1mrhlCtVNQM2kHo=
github.com/zeebo/pcg v1.0.1/go.mod h1:09F0S9iiKrwn9rlI5yjLkmrug154/YRW6KnnXVDM/l4=
<<<<<<< Updated upstream
golang.org/x/crypto v0.36.0 h1:AnAEvhDddvBdpY+uR+MyHmuZzzNqXSe/GvuDeob5L34=
golang.org/x/crypto v0.36.0/go.mod h1:Y4J0ReaxCR1IMaabaSMugxJES1EpwhBHhv2bDHklZvc=
||||||| Stash base
golang.org/x/crypto v0.33.0 h1:IOBPskki6Lysi0lo9qQvbxiQ+FvsCC/YWOecCHAixus=
golang.org/x/crypto v0.33.0/go.mod h1:bVdXmD7IV/4GdElGPozy6U7lWdRXA4qyRVGJV57uQ5M=
=======
golang.org/x/crypto v0.38.0 h1:jt+WWG8IZlBnVbomuhg2Mdq0+BBQaHbtqHEFEigjUV8=
golang.org/x/crypto v0.38.0/go.mod h1:MvrbAqul58NNYPKnOra203SB9vpuZW0e+RRZV+Ggqjw=
>>>>>>> Stashed changes
golang.org/x/sys v0.0.0-20220408201424-a24fb2fb8a0f/go.mod h1:oPkhp1MJrh7nUepCBck5+mAzfO9JrbApNNgaTdGDITg=
<<<<<<< Updated upstream
golang.org/x/sys v0.31.0 h1:ioabZlmFYtWhL+TRYpcnNlLwhyxaM9kWTDEmfnprqik=
golang.org/x/sys v0.31.0/go.mod h1:BJP2sWEmIv4KK5OTEluFJCKSidICx8ciO85XgH3Ak8k=
golang.org/x/term v0.30.0 h1:PQ39fJZ+mfadBm0y5WlL4vlM7Sx1Hgf13sMIY2+QS9Y=
golang.org/x/term v0.30.0/go.mod h1:NYYFdzHoI5wRh/h5tDMdMqCqPJZEuNqVR5xJLd/n67g=
||||||| Stash base
golang.org/x/sys v0.30.0 h1:QjkSwP/36a20jFYWkSue1YwXzLmsV5Gfq7Eiy72C1uc=
golang.org/x/sys v0.30.0/go.mod h1:/VUhepiaJMQUp4+oa/7Zr1D23ma6VTLIYjOOTFZPUcA=
golang.org/x/term v0.29.0 h1:L6pJp37ocefwRRtYPKSWOWzOtWSxVajvz2ldH/xi3iU=
golang.org/x/term v0.29.0/go.mod h1:6bl4lRlvVuDgSf3179VpIxBF0o10JUpXWOnI7nErv7s=
=======
golang.org/x/sys v0.33.0 h1:q3i8TbbEz+JRD9ywIRlyRAQbM0qF7hu24q3teo2hbuw=
golang.org/x/sys v0.33.0/go.mod h1:BJP2sWEmIv4KK5OTEluFJCKSidICx8ciO85XgH3Ak8k=
golang.org/x/term v0.32.0 h1:DR4lr0TjUs3epypdhTOkMmuF5CDFJ/8pOnbzMZPQ7bg=
golang.org/x/term v0.32.0/go.mod h1:uZG1FhGx848Sqfsq4/DlJr3xGGsYMu/L5GW4abiaEPQ=
>>>>>>> Stashed changes
